
Microsoft Visual Studio Solution File, Format Version 12.00
# Visual Studio Version 16
VisualStudioVersion = 16.0.35826.135
MinimumVisualStudioVersion = 10.0.40219.1
Project("{FAE04EC0-301F-11D3-BF4B-00C04F79EFBC}") = "Calculadora_tb", "Calculadora_tb\Calculadora_tb.csproj", "{2D8191E7-BDF6-4FA4-860B-E015F7482FBD}"
EndProject
Global
	GlobalSection(SolutionConfigurationPlatforms) = preSolution
		Debug|Any CPU = Debug|Any CPU
		Release|Any CPU = Release|Any CPU
	EndGlobalSection
	GlobalSection(ProjectConfigurationPlatforms) = postSolution
		{2D8191E7-BDF6-4FA4-860B-E015F7482FBD}.Debug|Any CPU.ActiveCfg = Debug|Any CPU
		{2D8191E7-BDF6-4FA4-860B-E015F7482FBD}.Debug|Any CPU.Build.0 = Debug|Any CPU
		{2D8191E7-BDF6-4FA4-860B-E015F7482FBD}.Release|Any CPU.ActiveCfg = Release|Any CPU
		{2D8191E7-BDF6-4FA4-860B-E015F7482FBD}.Release|Any CPU.Build.0 = Release|Any CPU
	EndGlobalSection
	GlobalSection(SolutionProperties) = preSolution
		HideSolutionNode = FALSE
	EndGlobalSection
	GlobalSection(ExtensibilityGlobals) = postSolution
		SolutionGuid = {93191DCA-00D6-406A-A9C1-DC51D4DF39DC}
	EndGlobalSection
EndGlobal
